
Microsoft Visual Studio Solution File, Format Version 12.00
# Visual Studio Version 17
VisualStudioVersion = 17.0.31903.59
MinimumVisualStudioVersion = 10.0.40219.1
Project("{2150E333-8FDC-42A3-9474-1A3956D46DE8}") = "src", "src", "{827E0CD3-B72D-47B6-A68D-7590B98EB39B}"
EndProject
Project("{2150E333-8FDC-42A3-9474-1A3956D46DE8}") = "BuildingBlocks", "BuildingBlocks", "{90298CBA-BD6F-3A0A-69D5-97CAD7B05E7E}"
EndProject
Project("{FAE04EC0-301F-11D3-BF4B-00C04F79EFBC}") = "FHIRBridge.SharedKernel", "src\BuildingBlocks\FHIRBridge.SharedKernel\FHIRBridge.SharedKernel.csproj", "{2F02BB95-B5B2-47B0-9291-A82617F3D607}"
EndProject
Project("{FAE04EC0-301F-11D3-BF4B-00C04F79EFBC}") = "FHIRBridge.Observability", "src\BuildingBlocks\FHIRBridge.Observability\FHIRBridge.Observability.csproj", "{AC7D06D6-9E03-455E-88DF-E6A0B002FB32}"
EndProject
Project("{2150E333-8FDC-42A3-9474-1A3956D46DE8}") = "Runtime", "Runtime", "{09108480-725A-3CF3-E626-E2F33F0A58E4}"
EndProject
Project("{FAE04EC0-301F-11D3-BF4B-00C04F79EFBC}") = "FHIRBridge.Runtime.Domain", "src\Runtime\FHIRBridge.Runtime.Domain\FHIRBridge.Runtime.Domain.csproj", "{33780D2F-9139-4DC4-AF1A-92AFED2B364A}"
EndProject
Project("{FAE04EC0-301F-11D3-BF4B-00C04F79EFBC}") = "FHIRBridge.Runtime.Application", "src\Runtime\FHIRBridge.Runtime.Application\FHIRBridge.Runtime.Application.csproj", "{33016FD9-B7CC-4E46-B82F-249291C442DE}"
EndProject
Project("{FAE04EC0-301F-11D3-BF4B-00C04F79EFBC}") = "FHIRBridge.Runtime.Infrastructure", "src\Runtime\FHIRBridge.Runtime.Infrastructure\FHIRBridge.Runtime.Infrastructure.csproj", "{B6DADC2F-A3F7-416D-A4BD-7E580B7B8BE1}"
EndProject
Project("{2150E333-8FDC-42A3-9474-1A3956D46DE8}") = "Worker", "Worker", "{89BA21D6-604E-9DA1-5F6C-9062FD58212E}"
EndProject
Project("{FAE04EC0-301F-11D3-BF4B-00C04F79EFBC}") = "FHIRBridge.Worker", "src\Worker\FHIRBridge.Worker\FHIRBridge.Worker.csproj", "{96E5EFC3-7C83-4DEE-9888-BF840B6CD2E5}"
EndProject
Project("{2150E333-8FDC-42A3-9474-1A3956D46DE8}") = "tests", "tests", "{02EA681E-C7D8-13C7-8484-4AC65E1B71E8}"
EndProject
Project("{FAE04EC0-301F-11D3-BF4B-00C04F79EFBC}") = "FHIRBridge.ArchitectureTests", "tests\FHIRBridge.ArchitectureTests\FHIRBridge.ArchitectureTests.csproj", "{5975C466-2A05-943C-9649-0F3450B42CC9}"
EndProject
Project("{FAE04EC0-301F-11D3-BF4B-00C04F79EFBC}") = "FHIRBridge.Runtime.UnitTests", "tests\FHIRBridge.Runtime.UnitTests\FHIRBridge.Runtime.UnitTests.csproj", "{FC5BF469-CE48-4553-AD2D-432DEAD3E772}"
EndProject
Project("{FAE04EC0-301F-11D3-BF4B-00C04F79EFBC}") = "FHIRBridge.Domain", "src\FHIRBridge.Domain\FHIRBridge.Domain.csproj", "{DF6EFB2A-3FDF-4608-9DEE-2114798CCF12}"
EndProject
Project("{FAE04EC0-301F-11D3-BF4B-00C04F79EFBC}") = "FHIRBridge.Application", "src\FHIRBridge.Application\FHIRBridge.Application.csproj", "{D6940E3C-F879-4A23-A9FD-F7549A2620BA}"
EndProject
Project("{FAE04EC0-301F-11D3-BF4B-00C04F79EFBC}") = "FHIRBridge.Infrastructure", "src\FHIRBridge.Infrastructure\FHIRBridge.Infrastructure.csproj", "{D45C8CF0-9315-496E-9ACC-8BA0D2026F5D}"
EndProject
Project("{FAE04EC0-301F-11D3-BF4B-00C04F79EFBC}") = "FHIRBridge.Api", "src\Api\FHIRBridge.Api\FHIRBridge.Api.csproj", "{CEDAEF7A-7F43-4B19-9159-447B5D263C88}"
EndProject
Project("{FAE04EC0-301F-11D3-BF4B-00C04F79EFBC}") = "FHIRBridge.UnitTests", "tests\FHIRBridge.UnitTests\FHIRBridge.UnitTests.csproj", "{448884BA-8D60-483B-B8F5-F28C240773E3}"
EndProject
Project("{FAE04EC0-301F-11D3-BF4B-00C04F79EFBC}") = "FHIRBridge.Integration", "src\BuildingBlocks\FHIRBridge.Integration\FHIRBridge.Integration.csproj", "{3FF506B3-EA8D-4E96-BF8A-6B6489AC80C9}"
EndProject
Project("{FAE04EC0-301F-11D3-BF4B-00C04F79EFBC}") = "FHIRBridge.LoadTests", "tests\FHIRBridge.LoadTests\FHIRBridge.LoadTests.csproj", "{2538E2A0-D1E7-4CE8-BBA3-3DC4ED4D8315}"
EndProject
Project("{2150E333-8FDC-42A3-9474-1A3956D46DE8}") = "Gateway", "Gateway", "{6306A8FB-679E-111F-6585-8F70E0EE6013}"
EndProject
Project("{FAE04EC0-301F-11D3-BF4B-00C04F79EFBC}") = "FHIRBridge.Gateway", "src\Gateway\FHIRBridge.Gateway\FHIRBridge.Gateway.csproj", "{BF4AAB9C-984B-4482-86D7-4E7B12E8E273}"
EndProject
Project("{FAE04EC0-301F-11D3-BF4B-00C04F79EFBC}") = "FHIRBridge.Api.IntegrationTests", "tests\FHIRBridge.Api.IntegrationTests\FHIRBridge.Api.IntegrationTests.csproj", "{0C32E477-F4BF-BD78-46DF-E25693463DAA}"
EndProject
Project("{FAE04EC0-301F-11D3-BF4B-00C04F79EFBC}") = "FHIRBridge.Governance", "src\BuildingBlocks\FHIRBridge.Governance\FHIRBridge.Governance.csproj", "{80DAA888-84BF-4979-A2E4-69B9685AD93B}"
EndProject
Project("{FAE04EC0-301F-11D3-BF4B-00C04F79EFBC}") = "FHIRBridge.Infrastructure.Migrations.PostgreSql", "src\FHIRBridge.Infrastructure.Migrations.PostgreSql\FHIRBridge.Infrastructure.Migrations.PostgreSql.csproj", "{D63B6A39-6C50-4C66-86D3-9E0C4612AA0A}"
EndProject
Project("{2150E333-8FDC-42A3-9474-1A3956D46DE8}") = "LicenseServer", "LicenseServer", "{72B57477-FC9A-FAB5-E15F-940B3D235F44}"
EndProject
Project("{FAE04EC0-301F-11D3-BF4B-00C04F79EFBC}") = "FHIRBridge.LicenseServer", "src\LicenseServer\FHIRBridge.LicenseServer\FHIRBridge.LicenseServer.csproj", "{D44AC512-E693-464B-B276-7F555F748EA8}"
EndProject
Global
	GlobalSection(SolutionConfigurationPlatforms) = preSolution
		Debug|Any CPU = Debug|Any CPU
		Debug|x64 = Debug|x64
		Debug|x86 = Debug|x86
		Release|Any CPU = Release|Any CPU
		Release|x64 = Release|x64
		Release|x86 = Release|x86
	EndGlobalSection
	GlobalSection(ProjectConfigurationPlatforms) = postSolution
		{2F02BB95-B5B2-47B0-9291-A82617F3D607}.Debug|Any CPU.ActiveCfg = Debug|Any CPU
		{2F02BB95-B5B2-47B0-9291-A82617F3D607}.Debug|Any CPU.Build.0 = Debug|Any CPU
		{2F02BB95-B5B2-47B0-9291-A82617F3D607}.Debug|x64.ActiveCfg = Debug|Any CPU
		{2F02BB95-B5B2-47B0-9291-A82617F3D607}.Debug|x64.Build.0 = Debug|Any CPU
		{2F02BB95-B5B2-47B0-9291-A82617F3D607}.Debug|x86.ActiveCfg = Debug|Any CPU
		{2F02BB95-B5B2-47B0-9291-A82617F3D607}.Debug|x86.Build.0 = Debug|Any CPU
		{2F02BB95-B5B2-47B0-9291-A82617F3D607}.Release|Any CPU.ActiveCfg = Release|Any CPU
		{2F02BB95-B5B2-47B0-9291-A82617F3D607}.Release|Any CPU.Build.0 = Release|Any CPU
		{2F02BB95-B5B2-47B0-9291-A82617F3D607}.Release|x64.ActiveCfg = Release|Any CPU
		{2F02BB95-B5B2-47B0-9291-A82617F3D607}.Release|x64.Build.0 = Release|Any CPU
		{2F02BB95-B5B2-47B0-9291-A82617F3D607}.Release|x86.ActiveCfg = Release|Any CPU
		{2F02BB95-B5B2-47B0-9291-A82617F3D607}.Release|x86.Build.0 = Release|Any CPU
		{AC7D06D6-9E03-455E-88DF-E6A0B002FB32}.Debug|Any CPU.ActiveCfg = Debug|Any CPU
		{AC7D06D6-9E03-455E-88DF-E6A0B002FB32}.Debug|Any CPU.Build.0 = Debug|Any CPU
		{AC7D06D6-9E03-455E-88DF-E6A0B002FB32}.Debug|x64.ActiveCfg = Debug|Any CPU
		{AC7D06D6-9E03-455E-88DF-E6A0B002FB32}.Debug|x64.Build.0 = Debug|Any CPU
		{AC7D06D6-9E03-455E-88DF-E6A0B002FB32}.Debug|x86.ActiveCfg = Debug|Any CPU
		{AC7D06D6-9E03-455E-88DF-E6A0B002FB32}.Debug|x86.Build.0 = Debug|Any CPU
		{AC7D06D6-9E03-455E-88DF-E6A0B002FB32}.Release|Any CPU.ActiveCfg = Release|Any CPU
		{AC7D06D6-9E03-455E-88DF-E6A0B002FB32}.Release|Any CPU.Build.0 = Release|Any CPU
		{AC7D06D6-9E03-455E-88DF-E6A0B002FB32}.Release|x64.ActiveCfg = Release|Any CPU
		{AC7D06D6-9E03-455E-88DF-E6A0B002FB32}.Release|x64.Build.0 = Release|Any CPU
		{AC7D06D6-9E03-455E-88DF-E6A0B002FB32}.Release|x86.ActiveCfg = Release|Any CPU
		{AC7D06D6-9E03-455E-88DF-E6A0B002FB32}.Release|x86.Build.0 = Release|Any CPU
		{33780D2F-9139-4DC4-AF1A-92AFED2B364A}.Debug|Any CPU.ActiveCfg = Debug|Any CPU
		{33780D2F-9139-4DC4-AF1A-92AFED2B364A}.Debug|Any CPU.Build.0 = Debug|Any CPU
		{33780D2F-9139-4DC4-AF1A-92AFED2B364A}.Debug|x64.ActiveCfg = Debug|Any CPU
		{33780D2F-9139-4DC4-AF1A-92AFED2B364A}.Debug|x64.Build.0 = Debug|Any CPU
		{33780D2F-9139-4DC4-AF1A-92AFED2B364A}.Debug|x86.ActiveCfg = Debug|Any CPU
		{33780D2F-9139-4DC4-AF1A-92AFED2B364A}.Debug|x86.Build.0 = Debug|Any CPU
		{33780D2F-9139-4DC4-AF1A-92AFED2B364A}.Release|Any CPU.ActiveCfg = Release|Any CPU
		{33780D2F-9139-4DC4-AF1A-92AFED2B364A}.Release|Any CPU.Build.0 = Release|Any CPU
		{33780D2F-9139-4DC4-AF1A-92AFED2B364A}.Release|x64.ActiveCfg = Release|Any CPU
		{33780D2F-9139-4DC4-AF1A-92AFED2B364A}.Release|x64.Build.0 = Release|Any CPU
		{33780D2F-9139-4DC4-AF1A-92AFED2B364A}.Release|x86.ActiveCfg = Release|Any CPU
		{33780D2F-9139-4DC4-AF1A-92AFED2B364A}.Release|x86.Build.0 = Release|Any CPU
		{33016FD9-B7CC-4E46-B82F-249291C442DE}.Debug|Any CPU.ActiveCfg = Debug|Any CPU
		{33016FD9-B7CC-4E46-B82F-249291C442DE}.Debug|Any CPU.Build.0 = Debug|Any CPU
		{33016FD9-B7CC-4E46-B82F-249291C442DE}.Debug|x64.ActiveCfg = Debug|Any CPU
		{33016FD9-B7CC-4E46-B82F-249291C442DE}.Debug|x64.Build.0 = Debug|Any CPU
		{33016FD9-B7CC-4E46-B82F-249291C442DE}.Debug|x86.ActiveCfg = Debug|Any CPU
		{33016FD9-B7CC-4E46-B82F-249291C442DE}.Debug|x86.Build.0 = Debug|Any CPU
		{33016FD9-B7CC-4E46-B82F-249291C442DE}.Release|Any CPU.ActiveCfg = Release|Any CPU
		{33016FD9-B7CC-4E46-B82F-249291C442DE}.Release|Any CPU.Build.0 = Release|Any CPU
		{33016FD9-B7CC-4E46-B82F-249291C442DE}.Release|x64.ActiveCfg = Release|Any CPU
		{33016FD9-B7CC-4E46-B82F-249291C442DE}.Release|x64.Build.0 = Release|Any CPU
		{33016FD9-B7CC-4E46-B82F-249291C442DE}.Release|x86.ActiveCfg = Release|Any CPU
		{33016FD9-B7CC-4E46-B82F-249291C442DE}.Release|x86.Build.0 = Release|Any CPU
		{B6DADC2F-A3F7-416D-A4BD-7E580B7B8BE1}.Debug|Any CPU.ActiveCfg = Debug|Any CPU
		{B6DADC2F-A3F7-416D-A4BD-7E580B7B8BE1}.Debug|Any CPU.Build.0 = Debug|Any CPU
		{B6DADC2F-A3F7-416D-A4BD-7E580B7B8BE1}.Debug|x64.ActiveCfg = Debug|Any CPU
		{B6DADC2F-A3F7-416D-A4BD-7E580B7B8BE1}.Debug|x64.Build.0 = Debug|Any CPU
		{B6DADC2F-A3F7-416D-A4BD-7E580B7B8BE1}.Debug|x86.ActiveCfg = Debug|Any CPU
		{B6DADC2F-A3F7-416D-A4BD-7E580B7B8BE1}.Debug|x86.Build.0 = Debug|Any CPU
		{B6DADC2F-A3F7-416D-A4BD-7E580B7B8BE1}.Release|Any CPU.ActiveCfg = Release|Any CPU
		{B6DADC2F-A3F7-416D-A4BD-7E580B7B8BE1}.Release|Any CPU.Build.0 = Release|Any CPU
		{B6DADC2F-A3F7-416D-A4BD-7E580B7B8BE1}.Release|x64.ActiveCfg = Release|Any CPU
		{B6DADC2F-A3F7-416D-A4BD-7E580B7B8BE1}.Release|x64.Build.0 = Release|Any CPU
		{B6DADC2F-A3F7-416D-A4BD-7E580B7B8BE1}.Release|x86.ActiveCfg = Release|Any CPU
		{B6DADC2F-A3F7-416D-A4BD-7E580B7B8BE1}.Release|x86.Build.0 = Release|Any CPU
		{96E5EFC3-7C83-4DEE-9888-BF840B6CD2E5}.Debug|Any CPU.ActiveCfg = Debug|Any CPU
		{96E5EFC3-7C83-4DEE-9888-BF840B6CD2E5}.Debug|Any CPU.Build.0 = Debug|Any CPU
		{96E5EFC3-7C83-4DEE-9888-BF840B6CD2E5}.Debug|x64.ActiveCfg = Debug|Any CPU
		{96E5EFC3-7C83-4DEE-9888-BF840B6CD2E5}.Debug|x64.Build.0 = Debug|Any CPU
		{96E5EFC3-7C83-4DEE-9888-BF840B6CD2E5}.Debug|x86.ActiveCfg = Debug|Any CPU
		{96E5EFC3-7C83-4DEE-9888-BF840B6CD2E5}.Debug|x86.Build.0 = Debug|Any CPU
		{96E5EFC3-7C83-4DEE-9888-BF840B6CD2E5}.Release|Any CPU.ActiveCfg = Release|Any CPU
		{96E5EFC3-7C83-4DEE-9888-BF840B6CD2E5}.Release|Any CPU.Build.0 = Release|Any CPU
		{96E5EFC3-7C83-4DEE-9888-BF840B6CD2E5}.Release|x64.ActiveCfg = Release|Any CPU
		{96E5EFC3-7C83-4DEE-9888-BF840B6CD2E5}.Release|x64.Build.0 = Release|Any CPU
		{96E5EFC3-7C83-4DEE-9888-BF840B6CD2E5}.Release|x86.ActiveCfg = Release|Any CPU
		{96E5EFC3-7C83-4DEE-9888-BF840B6CD2E5}.Release|x86.Build.0 = Release|Any CPU
		{5975C466-2A05-943C-9649-0F3450B42CC9}.Debug|Any CPU.ActiveCfg = Debug|Any CPU
		{5975C466-2A05-943C-9649-0F3450B42CC9}.Debug|Any CPU.Build.0 = Debug|Any CPU
		{5975C466-2A05-943C-9649-0F3450B42CC9}.Debug|x64.ActiveCfg = Debug|Any CPU
		{5975C466-2A05-943C-9649-0F3450B42CC9}.Debug|x64.Build.0 = Debug|Any CPU
		{5975C466-2A05-943C-9649-0F3450B42CC9}.Debug|x86.ActiveCfg = Debug|Any CPU
		{5975C466-2A05-943C-9649-0F3450B42CC9}.Debug|x86.Build.0 = Debug|Any CPU
		{5975C466-2A05-943C-9649-0F3450B42CC9}.Release|Any CPU.ActiveCfg = Release|Any CPU
		{5975C466-2A05-943C-9649-0F3450B42CC9}.Release|Any CPU.Build.0 = Release|Any CPU
		{5975C466-2A05-943C-9649-0F3450B42CC9}.Release|x64.ActiveCfg = Release|Any CPU
		{5975C466-2A05-943C-9649-0F3450B42CC9}.Release|x64.Build.0 = Release|Any CPU
		{5975C466-2A05-943C-9649-0F3450B42CC9}.Release|x86.ActiveCfg = Release|Any CPU
		{5975C466-2A05-943C-9649-0F3450B42CC9}.Release|x86.Build.0 = Release|Any CPU
		{FC5BF469-CE48-4553-AD2D-432DEAD3E772}.Debug|Any CPU.ActiveCfg = Debug|Any CPU
		{FC5BF469-CE48-4553-AD2D-432DEAD3E772}.Debug|Any CPU.Build.0 = Debug|Any CPU
		{FC5BF469-CE48-4553-AD2D-432DEAD3E772}.Debug|x64.ActiveCfg = Debug|Any CPU
		{FC5BF469-CE48-4553-AD2D-432DEAD3E772}.Debug|x64.Build.0 = Debug|Any CPU
		{FC5BF469-CE48-4553-AD2D-432DEAD3E772}.Debug|x86.ActiveCfg = Debug|Any CPU
		{FC5BF469-CE48-4553-AD2D-432DEAD3E772}.Debug|x86.Build.0 = Debug|Any CPU
		{FC5BF469-CE48-4553-AD2D-432DEAD3E772}.Release|Any CPU.ActiveCfg = Release|Any CPU
		{FC5BF469-CE48-4553-AD2D-432DEAD3E772}.Release|Any CPU.Build.0 = Release|Any CPU
		{FC5BF469-CE48-4553-AD2D-432DEAD3E772}.Release|x64.ActiveCfg = Release|Any CPU
		{FC5BF469-CE48-4553-AD2D-432DEAD3E772}.Release|x64.Build.0 = Release|Any CPU
		{FC5BF469-CE48-4553-AD2D-432DEAD3E772}.Release|x86.ActiveCfg = Release|Any CPU
		{FC5BF469-CE48-4553-AD2D-432DEAD3E772}.Release|x86.Build.0 = Release|Any CPU
		{DF6EFB2A-3FDF-4608-9DEE-2114798CCF12}.Debug|Any CPU.ActiveCfg = Debug|Any CPU
		{DF6EFB2A-3FDF-4608-9DEE-2114798CCF12}.Debug|Any CPU.Build.0 = Debug|Any CPU
		{DF6EFB2A-3FDF-4608-9DEE-2114798CCF12}.Debug|x64.ActiveCfg = Debug|Any CPU
		{DF6EFB2A-3FDF-4608-9DEE-2114798CCF12}.Debug|x64.Build.0 = Debug|Any CPU
		{DF6EFB2A-3FDF-4608-9DEE-2114798CCF12}.Debug|x86.ActiveCfg = Debug|Any CPU
		{DF6EFB2A-3FDF-4608-9DEE-2114798CCF12}.Debug|x86.Build.0 = Debug|Any CPU
		{DF6EFB2A-3FDF-4608-9DEE-2114798CCF12}.Release|Any CPU.ActiveCfg = Release|Any CPU
		{DF6EFB2A-3FDF-4608-9DEE-2114798CCF12}.Release|Any CPU.Build.0 = Release|Any CPU
		{DF6EFB2A-3FDF-4608-9DEE-2114798CCF12}.Release|x64.ActiveCfg = Release|Any CPU
		{DF6EFB2A-3FDF-4608-9DEE-2114798CCF12}.Release|x64.Build.0 = Release|Any CPU
		{DF6EFB2A-3FDF-4608-9DEE-2114798CCF12}.Release|x86.ActiveCfg = Release|Any CPU
		{DF6EFB2A-3FDF-4608-9DEE-2114798CCF12}.Release|x86.Build.0 = Release|Any CPU
		{D6940E3C-F879-4A23-A9FD-F7549A2620BA}.Debug|Any CPU.ActiveCfg = Debug|Any CPU
		{D6940E3C-F879-4A23-A9FD-F7549A2620BA}.Debug|Any CPU.Build.0 = Debug|Any CPU
		{D6940E3C-F879-4A23-A9FD-F7549A2620BA}.Debug|x64.ActiveCfg = Debug|Any CPU
		{D6940E3C-F879-4A23-A9FD-F7549A2620BA}.Debug|x64.Build.0 = Debug|Any CPU
		{D6940E3C-F879-4A23-A9FD-F7549A2620BA}.Debug|x86.ActiveCfg = Debug|Any CPU
		{D6940E3C-F879-4A23-A9FD-F7549A2620BA}.Debug|x86.Build.0 = Debug|Any CPU
		{D6940E3C-F879-4A23-A9FD-F7549A2620BA}.Release|Any CPU.ActiveCfg = Release|Any CPU
		{D6940E3C-F879-4A23-A9FD-F7549A2620BA}.Release|Any CPU.Build.0 = Release|Any CPU
		{D6940E3C-F879-4A23-A9FD-F7549A2620BA}.Release|x64.ActiveCfg = Release|Any CPU
		{D6940E3C-F879-4A23-A9FD-F7549A2620BA}.Release|x64.Build.0 = Release|Any CPU
		{D6940E3C-F879-4A23-A9FD-F7549A2620BA}.Release|x86.ActiveCfg = Release|Any CPU
		{D6940E3C-F879-4A23-A9FD-F7549A2620BA}.Release|x86.Build.0 = Release|Any CPU
		{D45C8CF0-9315-496E-9ACC-8BA0D2026F5D}.Debug|Any CPU.ActiveCfg = Debug|Any CPU
		{D45C8CF0-9315-496E-9ACC-8BA0D2026F5D}.Debug|Any CPU.Build.0 = Debug|Any CPU
		{D45C8CF0-9315-496E-9ACC-8BA0D2026F5D}.Debug|x64.ActiveCfg = Debug|Any CPU
		{D45C8CF0-9315-496E-9ACC-8BA0D2026F5D}.Debug|x64.Build.0 = Debug|Any CPU
		{D45C8CF0-9315-496E-9ACC-8BA0D2026F5D}.Debug|x86.ActiveCfg = Debug|Any CPU
		{D45C8CF0-9315-496E-9ACC-8BA0D2026F5D}.Debug|x86.Build.0 = Debug|Any CPU
		{D45C8CF0-9315-496E-9ACC-8BA0D2026F5D}.Release|Any CPU.ActiveCfg = Release|Any CPU
		{D45C8CF0-9315-496E-9ACC-8BA0D2026F5D}.Release|Any CPU.Build.0 = Release|Any CPU
		{D45C8CF0-9315-496E-9ACC-8BA0D2026F5D}.Release|x64.ActiveCfg = Release|Any CPU
		{D45C8CF0-9315-496E-9ACC-8BA0D2026F5D}.Release|x64.Build.0 = Release|Any CPU
		{D45C8CF0-9315-496E-9ACC-8BA0D2026F5D}.Release|x86.ActiveCfg = Release|Any CPU
		{D45C8CF0-9315-496E-9ACC-8BA0D2026F5D}.Release|x86.Build.0 = Release|Any CPU
		{CEDAEF7A-7F43-4B19-9159-447B5D263C88}.Debug|Any CPU.ActiveCfg = Debug|Any CPU
		{CEDAEF7A-7F43-4B19-9159-447B5D263C88}.Debug|Any CPU.Build.0 = Debug|Any CPU
		{CEDAEF7A-7F43-4B19-9159-447B5D263C88}.Debug|x64.ActiveCfg = Debug|Any CPU
		{CEDAEF7A-7F43-4B19-9159-447B5D263C88}.Debug|x64.Build.0 = Debug|Any CPU
		{CEDAEF7A-7F43-4B19-9159-447B5D263C88}.Debug|x86.ActiveCfg = Debug|Any CPU
		{CEDAEF7A-7F43-4B19-9159-447B5D263C88}.Debug|x86.Build.0 = Debug|Any CPU
		{CEDAEF7A-7F43-4B19-9159-447B5D263C88}.Release|Any CPU.ActiveCfg = Release|Any CPU
		{CEDAEF7A-7F43-4B19-9159-447B5D263C88}.Release|Any CPU.Build.0 = Release|Any CPU
		{CEDAEF7A-7F43-4B19-9159-447B5D263C88}.Release|x64.ActiveCfg = Release|Any CPU
		{CEDAEF7A-7F43-4B19-9159-447B5D263C88}.Release|x64.Build.0 = Release|Any CPU
		{CEDAEF7A-7F43-4B19-9159-447B5D263C88}.Release|x86.ActiveCfg = Release|Any CPU
		{CEDAEF7A-7F43-4B19-9159-447B5D263C88}.Release|x86.Build.0 = Release|Any CPU
		{448884BA-8D60-483B-B8F5-F28C240773E3}.Debug|Any CPU.ActiveCfg = Debug|Any CPU
		{448884BA-8D60-483B-B8F5-F28C240773E3}.Debug|Any CPU.Build.0 = Debug|Any CPU
		{448884BA-8D60-483B-B8F5-F28C240773E3}.Debug|x64.ActiveCfg = Debug|Any CPU
		{448884BA-8D60-483B-B8F5-F28C240773E3}.Debug|x64.Build.0 = Debug|Any CPU
		{448884BA-8D60-483B-B8F5-F28C240773E3}.Debug|x86.ActiveCfg = Debug|Any CPU
		{448884BA-8D60-483B-B8F5-F28C240773E3}.Debug|x86.Build.0 = Debug|Any CPU
		{448884BA-8D60-483B-B8F5-F28C240773E3}.Release|Any CPU.ActiveCfg = Release|Any CPU
		{448884BA-8D60-483B-B8F5-F28C240773E3}.Release|Any CPU.Build.0 = Release|Any CPU
		{448884BA-8D60-483B-B8F5-F28C240773E3}.Release|x64.ActiveCfg = Release|Any CPU
		{448884BA-8D60-483B-B8F5-F28C240773E3}.Release|x64.Build.0 = Release|Any CPU
		{448884BA-8D60-483B-B8F5-F28C240773E3}.Release|x86.ActiveCfg = Release|Any CPU
		{448884BA-8D60-483B-B8F5-F28C240773E3}.Release|x86.Build.0 = Release|Any CPU
		{3FF506B3-EA8D-4E96-BF8A-6B6489AC80C9}.Debug|Any CPU.ActiveCfg = Debug|Any CPU
		{3FF506B3-EA8D-4E96-BF8A-6B6489AC80C9}.Debug|Any CPU.Build.0 = Debug|Any CPU
		{3FF506B3-EA8D-4E96-BF8A-6B6489AC80C9}.Debug|x64.ActiveCfg = Debug|Any CPU
		{3FF506B3-EA8D-4E96-BF8A-6B6489AC80C9}.Debug|x64.Build.0 = Debug|Any CPU
		{3FF506B3-EA8D-4E96-BF8A-6B6489AC80C9}.Debug|x86.ActiveCfg = Debug|Any CPU
		{3FF506B3-EA8D-4E96-BF8A-6B6489AC80C9}.Debug|x86.Build.0 = Debug|Any CPU
		{3FF506B3-EA8D-4E96-BF8A-6B6489AC80C9}.Release|Any CPU.ActiveCfg = Release|Any CPU
		{3FF506B3-EA8D-4E96-BF8A-6B6489AC80C9}.Release|Any CPU.Build.0 = Release|Any CPU
		{3FF506B3-EA8D-4E96-BF8A-6B6489AC80C9}.Release|x64.ActiveCfg = Release|Any CPU
		{3FF506B3-EA8D-4E96-BF8A-6B6489AC80C9}.Release|x64.Build.0 = Release|Any CPU
		{3FF506B3-EA8D-4E96-BF8A-6B6489AC80C9}.Release|x86.ActiveCfg = Release|Any CPU
		{3FF506B3-EA8D-4E96-BF8A-6B6489AC80C9}.Release|x86.Build.0 = Release|Any CPU
		{2538E2A0-D1E7-4CE8-BBA3-3DC4ED4D8315}.Debug|Any CPU.ActiveCfg = Debug|Any CPU
		{2538E2A0-D1E7-4CE8-BBA3-3DC4ED4D8315}.Debug|Any CPU.Build.0 = Debug|Any CPU
		{2538E2A0-D1E7-4CE8-BBA3-3DC4ED4D8315}.Debug|x64.ActiveCfg = Debug|Any CPU
		{2538E2A0-D1E7-4CE8-BBA3-3DC4ED4D8315}.Debug|x64.Build.0 = Debug|Any CPU
		{2538E2A0-D1E7-4CE8-BBA3-3DC4ED4D8315}.Debug|x86.ActiveCfg = Debug|Any CPU
		{2538E2A0-D1E7-4CE8-BBA3-3DC4ED4D8315}.Debug|x86.Build.0 = Debug|Any CPU
		{2538E2A0-D1E7-4CE8-BBA3-3DC4ED4D8315}.Release|Any CPU.ActiveCfg = Release|Any CPU
		{2538E2A0-D1E7-4CE8-BBA3-3DC4ED4D8315}.Release|Any CPU.Build.0 = Release|Any CPU
		{2538E2A0-D1E7-4CE8-BBA3-3DC4ED4D8315}.Release|x64.ActiveCfg = Release|Any CPU
		{2538E2A0-D1E7-4CE8-BBA3-3DC4ED4D8315}.Release|x64.Build.0 = Release|Any CPU
		{2538E2A0-D1E7-4CE8-BBA3-3DC4ED4D8315}.Release|x86.ActiveCfg = Release|Any CPU
		{2538E2A0-D1E7-4CE8-BBA3-3DC4ED4D8315}.Release|x86.Build.0 = Release|Any CPU
		{BF4AAB9C-984B-4482-86D7-4E7B12E8E273}.Debug|Any CPU.ActiveCfg = Debug|Any CPU
		{BF4AAB9C-984B-4482-86D7-4E7B12E8E273}.Debug|Any CPU.Build.0 = Debug|Any CPU
		{BF4AAB9C-984B-4482-86D7-4E7B12E8E273}.Debug|x64.ActiveCfg = Debug|Any CPU
		{BF4AAB9C-984B-4482-86D7-4E7B12E8E273}.Debug|x64.Build.0 = Debug|Any CPU
		{BF4AAB9C-984B-4482-86D7-4E7B12E8E273}.Debug|x86.ActiveCfg = Debug|Any CPU
		{BF4AAB9C-984B-4482-86D7-4E7B12E8E273}.Debug|x86.Build.0 = Debug|Any CPU
		{BF4AAB9C-984B-4482-86D7-4E7B12E8E273}.Release|Any CPU.ActiveCfg = Release|Any CPU
		{BF4AAB9C-984B-4482-86D7-4E7B12E8E273}.Release|Any CPU.Build.0 = Release|Any CPU
		{BF4AAB9C-984B-4482-86D7-4E7B12E8E273}.Release|x64.ActiveCfg = Release|Any CPU
		{BF4AAB9C-984B-4482-86D7-4E7B12E8E273}.Release|x64.Build.0 = Release|Any CPU
		{BF4AAB9C-984B-4482-86D7-4E7B12E8E273}.Release|x86.ActiveCfg = Release|Any CPU
		{BF4AAB9C-984B-4482-86D7-4E7B12E8E273}.Release|x86.Build.0 = Release|Any CPU
		{0C32E477-F4BF-BD78-46DF-E25693463DAA}.Debug|Any CPU.ActiveCfg = Debug|Any CPU
		{0C32E477-F4BF-BD78-46DF-E25693463DAA}.Debug|Any CPU.Build.0 = Debug|Any CPU
		{0C32E477-F4BF-BD78-46DF-E25693463DAA}.Debug|x64.ActiveCfg = Debug|Any CPU
		{0C32E477-F4BF-BD78-46DF-E25693463DAA}.Debug|x64.Build.0 = Debug|Any CPU
		{0C32E477-F4BF-BD78-46DF-E25693463DAA}.Debug|x86.ActiveCfg = Debug|Any CPU
		{0C32E477-F4BF-BD78-46DF-E25693463DAA}.Debug|x86.Build.0 = Debug|Any CPU
		{0C32E477-F4BF-BD78-46DF-E25693463DAA}.Release|Any CPU.ActiveCfg = Release|Any CPU
		{0C32E477-F4BF-BD78-46DF-E25693463DAA}.Release|Any CPU.Build.0 = Release|Any CPU
		{0C32E477-F4BF-BD78-46DF-E25693463DAA}.Release|x64.ActiveCfg = Release|Any CPU
		{0C32E477-F4BF-BD78-46DF-E25693463DAA}.Release|x64.Build.0 = Release|Any CPU
		{0C32E477-F4BF-BD78-46DF-E25693463DAA}.Release|x86.ActiveCfg = Release|Any CPU
		{0C32E477-F4BF-BD78-46DF-E25693463DAA}.Release|x86.Build.0 = Release|Any CPU
		{80DAA888-84BF-4979-A2E4-69B9685AD93B}.Debug|Any CPU.ActiveCfg = Debug|Any CPU
		{80DAA888-84BF-4979-A2E4-69B9685AD93B}.Debug|Any CPU.Build.0 = Debug|Any CPU
		{80DAA888-84BF-4979-A2E4-69B9685AD93B}.Debug|x64.ActiveCfg = Debug|Any CPU
		{80DAA888-84BF-4979-A2E4-69B9685AD93B}.Debug|x64.Build.0 = Debug|Any CPU
		{80DAA888-84BF-4979-A2E4-69B9685AD93B}.Debug|x86.ActiveCfg = Debug|Any CPU
		{80DAA888-84BF-4979-A2E4-69B9685AD93B}.Debug|x86.Build.0 = Debug|Any CPU
		{80DAA888-84BF-4979-A2E4-69B9685AD93B}.Release|Any CPU.ActiveCfg = Release|Any CPU
		{80DAA888-84BF-4979-A2E4-69B9685AD93B}.Release|Any CPU.Build.0 = Release|Any CPU
		{80DAA888-84BF-4979-A2E4-69B9685AD93B}.Release|x64.ActiveCfg = Release|Any CPU
		{80DAA888-84BF-4979-A2E4-69B9685AD93B}.Release|x64.Build.0 = Release|Any CPU
		{80DAA888-84BF-4979-A2E4-69B9685AD93B}.Release|x86.ActiveCfg = Release|Any CPU
		{80DAA888-84BF-4979-A2E4-69B9685AD93B}.Release|x86.Build.0 = Release|Any CPU
		{D63B6A39-6C50-4C66-86D3-9E0C4612AA0A}.Debug|Any CPU.ActiveCfg = Debug|Any CPU
		{D63B6A39-6C50-4C66-86D3-9E0C4612AA0A}.Debug|Any CPU.Build.0 = Debug|Any CPU
		{D63B6A39-6C50-4C66-86D3-9E0C4612AA0A}.Debug|x64.ActiveCfg = Debug|Any CPU
		{D63B6A39-6C50-4C66-86D3-9E0C4612AA0A}.Debug|x64.Build.0 = Debug|Any CPU
		{D63B6A39-6C50-4C66-86D3-9E0C4612AA0A}.Debug|x86.ActiveCfg = Debug|Any CPU
		{D63B6A39-6C50-4C66-86D3-9E0C4612AA0A}.Debug|x86.Build.0 = Debug|Any CPU
		{D63B6A39-6C50-4C66-86D3-9E0C4612AA0A}.Release|Any CPU.ActiveCfg = Release|Any CPU
		{D63B6A39-6C50-4C66-86D3-9E0C4612AA0A}.Release|Any CPU.Build.0 = Release|Any CPU
		{D63B6A39-6C50-4C66-86D3-9E0C4612AA0A}.Release|x64.ActiveCfg = Release|Any CPU
		{D63B6A39-6C50-4C66-86D3-9E0C4612AA0A}.Release|x64.Build.0 = Release|Any CPU
		{D63B6A39-6C50-4C66-86D3-9E0C4612AA0A}.Release|x86.ActiveCfg = Release|Any CPU
		{D63B6A39-6C50-4C66-86D3-9E0C4612AA0A}.Release|x86.Build.0 = Release|Any CPU
		{D44AC512-E693-464B-B276-7F555F748EA8}.Debug|Any CPU.ActiveCfg = Debug|Any CPU
		{D44AC512-E693-464B-B276-7F555F748EA8}.Debug|Any CPU.Build.0 = Debug|Any CPU
		{D44AC512-E693-464B-B276-7F555F748EA8}.Debug|x64.ActiveCfg = Debug|Any CPU
		{D44AC512-E693-464B-B276-7F555F748EA8}.Debug|x64.Build.0 = Debug|Any CPU
		{D44AC512-E693-464B-B276-7F555F748EA8}.Debug|x86.ActiveCfg = Debug|Any CPU
		{D44AC512-E693-464B-B276-7F555F748EA8}.Debug|x86.Build.0 = Debug|Any CPU
		{D44AC512-E693-464B-B276-7F555F748EA8}.Release|Any CPU.ActiveCfg = Release|Any CPU
		{D44AC512-E693-464B-B276-7F555F748EA8}.Release|Any CPU.Build.0 = Release|Any CPU
		{D44AC512-E693-464B-B276-7F555F748EA8}.Release|x64.ActiveCfg = Release|Any CPU
		{D44AC512-E693-464B-B276-7F555F748EA8}.Release|x64.Build.0 = Release|Any CPU
		{D44AC512-E693-464B-B276-7F555F748EA8}.Release|x86.ActiveCfg = Release|Any CPU
		{D44AC512-E693-464B-B276-7F555F748EA8}.Release|x86.Build.0 = Release|Any CPU
	EndGlobalSection
	GlobalSection(SolutionProperties) = preSolution
		HideSolutionNode = FALSE
	EndGlobalSection
	GlobalSection(NestedProjects) = preSolution
		{90298CBA-BD6F-3A0A-69D5-97CAD7B05E7E} = {827E0CD3-B72D-47B6-A68D-7590B98EB39B}
		{2F02BB95-B5B2-47B0-9291-A82617F3D607} = {90298CBA-BD6F-3A0A-69D5-97CAD7B05E7E}
		{AC7D06D6-9E03-455E-88DF-E6A0B002FB32} = {90298CBA-BD6F-3A0A-69D5-97CAD7B05E7E}
		{09108480-725A-3CF3-E626-E2F33F0A58E4} = {827E0CD3-B72D-47B6-A68D-7590B98EB39B}
		{33780D2F-9139-4DC4-AF1A-92AFED2B364A} = {09108480-725A-3CF3-E626-E2F33F0A58E4}
		{33016FD9-B7CC-4E46-B82F-249291C442DE} = {09108480-725A-3CF3-E626-E2F33F0A58E4}
		{B6DADC2F-A3F7-416D-A4BD-7E580B7B8BE1} = {09108480-725A-3CF3-E626-E2F33F0A58E4}
		{89BA21D6-604E-9DA1-5F6C-9062FD58212E} = {827E0CD3-B72D-47B6-A68D-7590B98EB39B}
		{96E5EFC3-7C83-4DEE-9888-BF840B6CD2E5} = {89BA21D6-604E-9DA1-5F6C-9062FD58212E}
		{5975C466-2A05-943C-9649-0F3450B42CC9} = {02EA681E-C7D8-13C7-8484-4AC65E1B71E8}
		{FC5BF469-CE48-4553-AD2D-432DEAD3E772} = {02EA681E-C7D8-13C7-8484-4AC65E1B71E8}
		{DF6EFB2A-3FDF-4608-9DEE-2114798CCF12} = {827E0CD3-B72D-47B6-A68D-7590B98EB39B}
		{D6940E3C-F879-4A23-A9FD-F7549A2620BA} = {827E0CD3-B72D-47B6-A68D-7590B98EB39B}
		{D45C8CF0-9315-496E-9ACC-8BA0D2026F5D} = {827E0CD3-B72D-47B6-A68D-7590B98EB39B}
		{CEDAEF7A-7F43-4B19-9159-447B5D263C88} = {827E0CD3-B72D-47B6-A68D-7590B98EB39B}
		{448884BA-8D60-483B-B8F5-F28C240773E3} = {02EA681E-C7D8-13C7-8484-4AC65E1B71E8}
		{3FF506B3-EA8D-4E96-BF8A-6B6489AC80C9} = {90298CBA-BD6F-3A0A-69D5-97CAD7B05E7E}
		{2538E2A0-D1E7-4CE8-BBA3-3DC4ED4D8315} = {02EA681E-C7D8-13C7-8484-4AC65E1B71E8}
		{6306A8FB-679E-111F-6585-8F70E0EE6013} = {827E0CD3-B72D-47B6-A68D-7590B98EB39B}
		{BF4AAB9C-984B-4482-86D7-4E7B12E8E273} = {6306A8FB-679E-111F-6585-8F70E0EE6013}
		{0C32E477-F4BF-BD78-46DF-E25693463DAA} = {02EA681E-C7D8-13C7-8484-4AC65E1B71E8}
		{80DAA888-84BF-4979-A2E4-69B9685AD93B} = {90298CBA-BD6F-3A0A-69D5-97CAD7B05E7E}
		{D63B6A39-6C50-4C66-86D3-9E0C4612AA0A} = {827E0CD3-B72D-47B6-A68D-7590B98EB39B}
		{D44AC512-E693-464B-B276-7F555F748EA8} = {72B57477-FC9A-FAB5-E15F-940B3D235F44}
	EndGlobalSection
	GlobalSection(ExtensibilityGlobals) = postSolution
		SolutionGuid = {3D3F029B-E6AC-4D16-9551-75C0409A78CD}
	EndGlobalSection
EndGlobal
